{
  "name": "similarity",
  "lockfileVersion": 3,
  "requires": true,
  "packages": {
    "": {
      "dependencies": {
        "similarity": "^1.2.1"
      }
    },
    "node_modules/levenshtein-edit-distance": {
      "version": "2.0.5",
      "resolved": "https://registry.npmjs.org/levenshtein-edit-distance/-/levenshtein-edit-distance-2.0.5.tgz",
      "integrity": "sha512-Yuraz7QnMX/JENJU1HA6UtdsbhRzoSFnGpVGVryjQgHtl2s/YmVgmNYkVs5yzVZ9aAvQR9wPBUH3lG755ylxGA==",
      "license": "MIT",
      "bin": {
        "levenshtein-edit-distance": "cli.js"
      },
      "funding": {
        "type": "github",
        "url": "https://github.com/sponsors/wooorm"
      }
    },
    "node_modules/similarity": {
      "version": "1.2.1",
      "resolved": "https://registry.npmjs.org/similarity/-/similarity-1.2.1.tgz",
      "integrity": "sha512-lMOpWVaWrTnyL+tkvDs8oGV/KAUBQ3wfbZtdiwDcC+KYGlwO8kgtiyag1B6akAjALDMwn5rN5YHHei1hr4X7nw==",
      "license": "ISC",
      "dependencies": {
        "levenshtein-edit-distance": "^2.0.0"
      },
      "bin": {
        "similarity": "cli.js"
      }
    }
  }
}
